// !$*UTF8*$!
{
	archiveVersion = 1;
	classes = {
	};
	objectVersion = 46;
	objects = {

/* Begin PBXBuildFile section */
		25BC06341E95A35400B090DA /* ic_arrow_back_black_36dp.png in Resources */ = {isa = PBXBuildFile; fileRef = 25BC062C1E95A33200B090DA /* ic_arrow_back_black_36dp.png */; };
		25BC06351E95A35400B090DA /* ic_arrow_back_white_36dp.png in Resources */ = {isa = PBXBuildFile; fileRef = 25BC062D1E95A33200B090DA /* ic_arrow_back_white_36dp.png */; };
		25BC06361E95A35400B090DA /* ic_check_circle_black_36dp.png in Resources */ = {isa = PBXBuildFile; fileRef = 25BC062E1E95A33200B090DA /* ic_check_circle_black_36dp.png */; };
		25BC06371E95A35400B090DA /* ic_check_circle_white_36dp.png in Resources */ = {isa = PBXBuildFile; fileRef = 25BC062F1E95A33200B090DA /* ic_check_circle_white_36dp.png */; };
		25BC06381E95A35400B090DA /* ic_home_black_36dp.png in Resources */ = {isa = PBXBuildFile; fileRef = 25BC06301E95A33200B090DA /* ic_home_black_36dp.png */; };
		25BC06391E95A35400B090DA /* ic_home_white_36dp.png in Resources */ = {isa = PBXBuildFile; fileRef = 25BC06311E95A33200B090DA /* ic_home_white_36dp.png */; };
		25BC06441E95A38600B090DA /* UILibCtForm.h in Headers */ = {isa = PBXBuildFile; fileRef = 25BC063E1E95A38600B090DA /* UILibCtForm.h */; };
		25BC06451E95A38600B090DA /* UILibCtForm.m in Sources */ = {isa = PBXBuildFile; fileRef = 25BC063F1E95A38600B090DA /* UILibCtForm.m */; };
		25BC06461E95A38600B090DA /* UILibCtFormLogin.h in Headers */ = {isa = PBXBuildFile; fileRef = 25BC06401E95A38600B090DA /* UILibCtFormLogin.h */; };
		25BC06471E95A38600B090DA /* UILibCtFormLogin.m in Sources */ = {isa = PBXBuildFile; fileRef = 25BC06411E95A38600B090DA /* UILibCtFormLogin.m */; };
		25BC06481E95A38600B090DA /* UILib.h in Headers */ = {isa = PBXBuildFile; fileRef = 25BC06421E95A38600B090DA /* UILib.h */; };
		25BC06491E95A38600B090DA /* UILib.m in Sources */ = {isa = PBXBuildFile; fileRef = 25BC06431E95A38600B090DA /* UILib.m */; };
		25BC06591E95AACC00B090DA /* Res.bundle in Resources */ = {isa = PBXBuildFile; fileRef = 25BC06261E95A2A400B090DA /* Res.bundle */; };
		25BC065C1E95B18600B090DA /* UILibUtil.h in Headers */ = {isa = PBXBuildFile; fileRef = 25BC065A1E95B18600B090DA /* UILibUtil.h */; };
		25BC065D1E95B18600B090DA /* UILibUtil.m in Sources */ = {isa = PBXBuildFile; fileRef = 25BC065B1E95B18600B090DA /* UILibUtil.m */; };
		25BC06861E9BEFA300B090DA /* Localizable.strings in Resources */ = {isa = PBXBuildFile; fileRef = 25BC06831E9BEF5E00B090DA /* Localizable.strings */; };
		25BC06871E9BEFA300B090DA /* UILibFormLogin.xib in Resources */ = {isa = PBXBuildFile; fileRef = 25BC06801E9BEF3E00B090DA /* UILibFormLogin.xib */; };
		25BC068A1E9C19F800B090DA /* UILibImpl.h in Headers */ = {isa = PBXBuildFile; fileRef = 25BC06881E9C19F800B090DA /* UILibImpl.h */; };
		25BC068B1E9C19F800B090DA /* UILibImpl.m in Sources */ = {isa = PBXBuildFile; fileRef = 25BC06891E9C19F800B090DA /* UILibImpl.m */; };
		25BC068D1E9C1AF000B090DA /* UILibCallback.h in Headers */ = {isa = PBXBuildFile; fileRef = 25BC068C1E9C1AF000B090DA /* UILibCallback.h */; };
/* End PBXBuildFile section */

/* Begin PBXContainerItemProxy section */
		25BC063C1E95A35D00B090DA /* PBXContainerItemProxy */ = {
			isa = PBXContainerItemProxy;
			containerPortal = 25BC060E1E95A25A00B090DA /* Project object */;
			proxyType = 1;
			remoteGlobalIDString = 25BC06251E95A2A400B090DA;
			remoteInfo = Res;
		};
/* End PBXContainerItemProxy section */

/* Begin PBXFileReference section */
		25BC06161E95A25A00B090DA /* libLib.a */ = {isa = PBXFileReference; explicitFileType = archive.ar; includeInIndex = 0; path = libLib.a; sourceTree = BUILT_PRODUCTS_DIR; };
		25BC06261E95A2A400B090DA /* Res.bundle */ = {isa = PBXFileReference; explicitFileType = wrapper.cfbundle; includeInIndex = 0; path = Res.bundle; sourceTree = BUILT_PRODUCTS_DIR; };
		25BC06281E95A2A400B090DA /* Info.plist */ = {isa = PBXFileReference; lastKnownFileType = text.plist.xml; path = Info.plist; sourceTree = "<group>"; };
		25BC062C1E95A33200B090DA /* ic_arrow_back_black_36dp.png */ = {isa = PBXFileReference; lastKnownFileType = image.png; path = ic_arrow_back_black_36dp.png; sourceTree = "<group>"; };
		25BC062D1E95A33200B090DA /* ic_arrow_back_white_36dp.png */ = {isa = PBXFileReference; lastKnownFileType = image.png; path = ic_arrow_back_white_36dp.png; sourceTree = "<group>"; };
		25BC062E1E95A33200B090DA /* ic_check_circle_black_36dp.png */ = {isa = PBXFileReference; lastKnownFileType = image.png; path = ic_check_circle_black_36dp.png; sourceTree = "<group>"; };
		25BC062F1E95A33200B090DA /* ic_check_circle_white_36dp.png */ = {isa = PBXFileReference; lastKnownFileType = image.png; path = ic_check_circle_white_36dp.png; sourceTree = "<group>"; };
		25BC06301E95A33200B090DA /* ic_home_black_36dp.png */ = {isa = PBXFileReference; lastKnownFileType = image.png; path = ic_home_black_36dp.png; sourceTree = "<group>"; };
		25BC06311E95A33200B090DA /* ic_home_white_36dp.png */ = {isa = PBXFileReference; lastKnownFileType = image.png; path = ic_home_white_36dp.png; sourceTree = "<group>"; };
		25BC063E1E95A38600B090DA /* UILibCtForm.h */ = {isa = PBXFileReference; fileEncoding = 4; lastKnownFileType = sourcecode.c.h; path = UILibCtForm.h; sourceTree = "<group>"; };
		25BC063F1E95A38600B090DA /* UILibCtForm.m */ = {isa = PBXFileReference; fileEncoding = 4; lastKnownFileType = sourcecode.c.objc; path = UILibCtForm.m; sourceTree = "<group>"; };
		25BC06401E95A38600B090DA /* UILibCtFormLogin.h */ = {isa = PBXFileReference; fileEncoding = 4; lastKnownFileType = sourcecode.c.h; path = UILibCtFormLogin.h; sourceTree = "<group>"; };
		25BC06411E95A38600B090DA /* UILibCtFormLogin.m */ = {isa = PBXFileReference; fileEncoding = 4; lastKnownFileType = sourcecode.c.objc; path = UILibCtFormLogin.m; sourceTree = "<group>"; };
		25BC06421E95A38600B090DA /* UILib.h */ = {isa = PBXFileReference; fileEncoding = 4; lastKnownFileType = sourcecode.c.h; path = UILib.h; sourceTree = "<group>"; };
		25BC06431E95A38600B090DA /* UILib.m */ = {isa = PBXFileReference; fileEncoding = 4; lastKnownFileType = sourcecode.c.objc; path = UILib.m; sourceTree = "<group>"; };
		25BC06541E95A91100B090DA /* WebKit.framework */ = {isa = PBXFileReference; lastKnownFileType = wrapper.framework; name = WebKit.framework; path = System/Library/Frameworks/WebKit.framework; sourceTree = SDKROOT; };
		25BC065A1E95B18600B090DA /* UILibUtil.h */ = {isa = PBXFileReference; fileEncoding = 4; lastKnownFileType = sourcecode.c.h; path = UILibUtil.h; sourceTree = "<group>"; };
		25BC065B1E95B18600B090DA /* UILibUtil.m */ = {isa = PBXFileReference; fileEncoding = 4; lastKnownFileType = sourcecode.c.objc; path = UILibUtil.m; sourceTree = "<group>"; };
		25BC06811E9BEF3E00B090DA /* en */ = {isa = PBXFileReference; lastKnownFileType = file.xib; name = en; path = UILibFormLogin.xib; sourceTree = "<group>"; };
		25BC06841E9BEF5E00B090DA /* en */ = {isa = PBXFileReference; lastKnownFileType = text.plist.strings; name = en; path = Localizable.strings; sourceTree = "<group>"; };
		25BC06881E9C19F800B090DA /* UILibImpl.h */ = {isa = PBXFileReference; fileEncoding = 4; lastKnownFileType = sourcecode.c.h; path = UILibImpl.h; sourceTree = "<group>"; };
		25BC06891E9C19F800B090DA /* UILibImpl.m */ = {isa = PBXFileReference; fileEncoding = 4; lastKnownFileType = sourcecode.c.objc; path = UILibImpl.m; sourceTree = "<group>"; };
		25BC068C1E9C1AF000B090DA /* UILibCallback.h */ = {isa = PBXFileReference; fileEncoding = 4; lastKnownFileType = sourcecode.c.h; path = UILibCallback.h; sourceTree = "<group>"; };
/* End PBXFileReference section */

/* Begin PBXFrameworksBuildPhase section */
		25BC06131E95A25A00B090DA /* Frameworks */ = {
			isa = PBXFrameworksBuildPhase;
			buildActionMask = 2147483647;
			files = (
			);
			runOnlyForDeploymentPostprocessing = 0;
		};
		25BC06231E95A2A400B090DA /* Frameworks */ = {
			isa = PBXFrameworksBuildPhase;
			buildActionMask = 2147483647;
			files = (
			);
			runOnlyForDeploymentPostprocessing = 0;
		};
/* End PBXFrameworksBuildPhase section */

/* Begin PBXGroup section */
		25BC060D1E95A25A00B090DA = {
			isa = PBXGroup;
			children = (
				25BC06181E95A25A00B090DA /* Lib */,
				25BC06271E95A2A400B090DA /* Res */,
				25BC06171E95A25A00B090DA /* Products */,
				25BC06531E95A91000B090DA /* Frameworks */,
			);
			sourceTree = "<group>";
		};
		25BC06171E95A25A00B090DA /* Products */ = {
			isa = PBXGroup;
			children = (
				25BC06161E95A25A00B090DA /* libLib.a */,
				25BC06261E95A2A400B090DA /* Res.bundle */,
			);
			name = Products;
			sourceTree = "<group>";
		};
		25BC06181E95A25A00B090DA /* Lib */ = {
			isa = PBXGroup;
			children = (
				25BC065A1E95B18600B090DA /* UILibUtil.h */,
				25BC065B1E95B18600B090DA /* UILibUtil.m */,
				25BC063E1E95A38600B090DA /* UILibCtForm.h */,
				25BC063F1E95A38600B090DA /* UILibCtForm.m */,
				25BC06401E95A38600B090DA /* UILibCtFormLogin.h */,
				25BC06411E95A38600B090DA /* UILibCtFormLogin.m */,
				25BC06421E95A38600B090DA /* UILib.h */,
				25BC06431E95A38600B090DA /* UILib.m */,
				25BC06881E9C19F800B090DA /* UILibImpl.h */,
				25BC06891E9C19F800B090DA /* UILibImpl.m */,
				25BC068C1E9C1AF000B090DA /* UILibCallback.h */,
			);
			name = Lib;
			path = UILib_OSX_Lib;
			sourceTree = "<group>";
		};
		25BC06271E95A2A400B090DA /* Res */ = {
			isa = PBXGroup;
			children = (
				25BC067F1E9BEF3E00B090DA /* en.lproj */,
				25BC062C1E95A33200B090DA /* ic_arrow_back_black_36dp.png */,
				25BC062D1E95A33200B090DA /* ic_arrow_back_white_36dp.png */,
				25BC062E1E95A33200B090DA /* ic_check_circle_black_36dp.png */,
				25BC062F1E95A33200B090DA /* ic_check_circle_white_36dp.png */,
				25BC06301E95A33200B090DA /* ic_home_black_36dp.png */,
				25BC06311E95A33200B090DA /* ic_home_white_36dp.png */,
				25BC06281E95A2A400B090DA /* Info.plist */,
			);
			name = Res;
			path = UILib_OSX_Res;
			sourceTree = "<group>";
		};
		25BC06531E95A91000B090DA /* Frameworks */ = {
			isa = PBXGroup;
			children = (
				25BC06541E95A91100B090DA /* WebKit.framework */,
			);
			name = Frameworks;
			sourceTree = "<group>";
		};
		25BC067F1E9BEF3E00B090DA /* en.lproj */ = {
			isa = PBXGroup;
			children = (
				25BC06831E9BEF5E00B090DA /* Localizable.strings */,
				25BC06801E9BEF3E00B090DA /* UILibFormLogin.xib */,
			);
			path = en.lproj;
			sourceTree = "<group>";
		};
/* End PBXGroup section */

/* Begin PBXHeadersBuildPhase section */
		25BC06141E95A25A00B090DA /* Headers */ = {
			isa = PBXHeadersBuildPhase;
			buildActionMask = 2147483647;
			files = (
				25BC06481E95A38600B090DA /* UILib.h in Headers */,
				25BC068A1E9C19F800B090DA /* UILibImpl.h in Headers */,
				25BC06441E95A38600B090DA /* UILibCtForm.h in Headers */,
				25BC065C1E95B18600B090DA /* UILibUtil.h in Headers */,
				25BC06461E95A38600B090DA /* UILibCtFormLogin.h in Headers */,
				25BC068D1E9C1AF000B090DA /* UILibCallback.h in Headers */,
			);
			runOnlyForDeploymentPostprocessing = 0;
		};
/* End PBXHeadersBuildPhase section */

/* Begin PBXNativeTarget section */
		25BC06151E95A25A00B090DA /* Lib */ = {
			isa = PBXNativeTarget;
			buildConfigurationList = 25BC061F1E95A25A00B090DA /* Build configuration list for PBXNativeTarget "Lib" */;
			buildPhases = (
				25BC06121E95A25A00B090DA /* Sources */,
				25BC06131E95A25A00B090DA /* Frameworks */,
				25BC06141E95A25A00B090DA /* Headers */,
				25BC06581E95AAC400B090DA /* Resources */,
			);
			buildRules = (
			);
			dependencies = (
				25BC063D1E95A35D00B090DA /* PBXTargetDependency */,
			);
			name = Lib;
			productName = UILib_OSX;
			productReference = 25BC06161E95A25A00B090DA /* libLib.a */;
			productType = "com.apple.product-type.library.static";
		};
		25BC06251E95A2A400B090DA /* Res */ = {
			isa = PBXNativeTarget;
			buildConfigurationList = 25BC06291E95A2A400B090DA /* Build configuration list for PBXNativeTarget "Res" */;
			buildPhases = (
				25BC06221E95A2A400B090DA /* Sources */,
				25BC06231E95A2A400B090DA /* Frameworks */,
				25BC06241E95A2A400B090DA /* Resources */,
			);
			buildRules = (
			);
			dependencies = (
			);
			name = Res;
			productName = UILib_OSX_Res;
			productReference = 25BC06261E95A2A400B090DA /* Res.bundle */;
			productType = "com.apple.product-type.bundle";
		};
/* End PBXNativeTarget section */

/* Begin PBXProject section */
		25BC060E1E95A25A00B090DA /* Project object */ = {
			isa = PBXProject;
			attributes = {
				LastUpgradeCheck = 0820;
				ORGANIZATIONNAME = Samsung;
				TargetAttributes = {
					25BC06151E95A25A00B090DA = {
						CreatedOnToolsVersion = 8.2.1;
						DevelopmentTeam = 9M778GV5LL;
						ProvisioningStyle = Automatic;
					};
					25BC06251E95A2A400B090DA = {
						CreatedOnToolsVersion = 8.2.1;
						DevelopmentTeam = 9M778GV5LL;
						ProvisioningStyle = Automatic;
					};
				};
			};
			buildConfigurationList = 25BC06111E95A25A00B090DA /* Build configuration list for PBXProject "UILib_OSX" */;
			compatibilityVersion = "Xcode 3.2";
			developmentRegion = English;
			hasScannedForEncodings = 0;
			knownRegions = (
				en,
			);
			mainGroup = 25BC060D1E95A25A00B090DA;
			productRefGroup = 25BC06171E95A25A00B090DA /* Products */;
			projectDirPath = "";
			projectRoot = "";
			targets = (
				25BC06151E95A25A00B090DA /* Lib */,
				25BC06251E95A2A400B090DA /* Res */,
			);
		};
/* End PBXProject section */

/* Begin PBXResourcesBuildPhase section */
		25BC06241E95A2A400B090DA /* Resources */ = {
			isa = PBXResourcesBuildPhase;
			buildActionMask = 2147483647;
			files = (
				25BC06861E9BEFA300B090DA /* Localizable.strings in Resources */,
				25BC06871E9BEFA300B090DA /* UILibFormLogin.xib in Resources */,
				25BC06341E95A35400B090DA /* ic_arrow_back_black_36dp.png in Resources */,
				25BC06351E95A35400B090DA /* ic_arrow_back_white_36dp.png in Resources */,
				25BC06361E95A35400B090DA /* ic_check_circle_black_36dp.png in Resources */,
				25BC06371E95A35400B090DA /* ic_check_circle_white_36dp.png in Resources */,
				25BC06381E95A35400B090DA /* ic_home_black_36dp.png in Resources */,
				25BC06391E95A35400B090DA /* ic_home_white_36dp.png in Resources */,
			);
			runOnlyForDeploymentPostprocessing = 0;
		};
		25BC06581E95AAC400B090DA /* Resources */ = {
			isa = PBXResourcesBuildPhase;
			buildActionMask = 2147483647;
			files = (
				25BC06591E95AACC00B090DA /* Res.bundle in Resources */,
			);
			runOnlyForDeploymentPostprocessing = 0;
		};
/* End PBXResourcesBuildPhase section */

/* Begin PBXSourcesBuildPhase section */
		25BC06121E95A25A00B090DA /* Sources */ = {
			isa = PBXSourcesBuildPhase;
			buildActionMask = 2147483647;
			files = (
				25BC06491E95A38600B090DA /* UILib.m in Sources */,
				25BC068B1E9C19F800B090DA /* UILibImpl.m in Sources */,
				25BC06471E95A38600B090DA /* UILibCtFormLogin.m in Sources */,
				25BC06451E95A38600B090DA /* UILibCtForm.m in Sources */,
				25BC065D1E95B18600B090DA /* UILibUtil.m in Sources */,
			);
			runOnlyForDeploymentPostprocessing = 0;
		};
		25BC06221E95A2A400B090DA /* Sources */ = {
			isa = PBXSourcesBuildPhase;
			buildActionMask = 2147483647;
			files = (
			);
			runOnlyForDeploymentPostprocessing = 0;
		};
/* End PBXSourcesBuildPhase section */

/* Begin PBXTargetDependency section */
		25BC063D1E95A35D00B090DA /* PBXTargetDependency */ = {
			isa = PBXTargetDependency;
			target = 25BC06251E95A2A400B090DA /* Res */;
			targetProxy = 25BC063C1E95A35D00B090DA /* PBXContainerItemProxy */;
		};
/* End PBXTargetDependency section */

/* Begin PBXVariantGroup section */
		25BC06801E9BEF3E00B090DA /* UILibFormLogin.xib */ = {
			isa = PBXVariantGroup;
			children = (
				25BC06811E9BEF3E00B090DA /* en */,
			);
			name = UILibFormLogin.xib;
			sourceTree = "<group>";
		};
		25BC06831E9BEF5E00B090DA /* Localizable.strings */ = {
			isa = PBXVariantGroup;
			children = (
				25BC06841E9BEF5E00B090DA /* en */,
			);
			name = Localizable.strings;
			sourceTree = "<group>";
		};
/* End PBXVariantGroup section */

/* Begin XCBuildConfiguration section */
		25BC061D1E95A25A00B090DA /* Debug */ = {
			isa = XCBuildConfiguration;
			buildSettings = {
				ALWAYS_SEARCH_USER_PATHS = NO;
				CLANG_ANALYZER_NONNULL = YES;
				CLANG_CXX_LANGUAGE_STANDARD = "gnu++0x";
				CLANG_CXX_LIBRARY = "libc++";
				CLANG_ENABLE_MODULES = YES;
				CLANG_ENABLE_OBJC_ARC = YES;
				CLANG_WARN_BOOL_CONVERSION = YES;
				CLANG_WARN_CONSTANT_CONVERSION = YES;
				CLANG_WARN_DIRECT_OBJC_ISA_USAGE = YES_ERROR;
				CLANG_WARN_DOCUMENTATION_COMMENTS = YES;
				CLANG_WARN_EMPTY_BODY = YES;
				CLANG_WARN_ENUM_CONVERSION = YES;
				CLANG_WARN_INFINITE_RECURSION = YES;
				CLANG_WARN_INT_CONVERSION = YES;
				CLANG_WARN_OBJC_ROOT_CLASS = YES_ERROR;
				CLANG_WARN_SUSPICIOUS_MOVE = YES;
				CLANG_WARN_UNREACHABLE_CODE = YES;
				CLANG_WARN__DUPLICATE_METHOD_MATCH = YES;
				CODE_SIGN_IDENTITY = "-";
				COPY_PHASE_STRIP = NO;
				DEBUG_INFORMATION_FORMAT = dwarf;
				ENABLE_STRICT_OBJC_MSGSEND = YES;
				ENABLE_TESTABILITY = YES;
				GCC_C_LANGUAGE_STANDARD = gnu99;
				GCC_DYNAMIC_NO_PIC = NO;
				GCC_NO_COMMON_BLOCKS = YES;
				GCC_OPTIMIZATION_LEVEL = 0;
				GCC_PREPROCESSOR_DEFINITIONS = (
					"DEBUG=1",
					"$(inherited)",
				);
				GCC_WARN_64_TO_32_BIT_CONVERSION = YES;
				GCC_WARN_ABOUT_RETURN_TYPE = YES_ERROR;
				GCC_WARN_UNDECLARED_SELECTOR = YES;
				GCC_WARN_UNINITIALIZED_AUTOS = YES_AGGRESSIVE;
				GCC_WARN_UNUSED_FUNCTION = YES;
				GCC_WARN_UNUSED_VARIABLE = YES;
				MACOSX_DEPLOYMENT_TARGET = 10.11;
				MTL_ENABLE_DEBUG_INFO = YES;
				ONLY_ACTIVE_ARCH = YES;
				SDKROOT = macosx;
			};
			name = Debug;
		};
		25BC061E1E95A25A00B090DA /* Release */ = {
			isa = XCBuildConfiguration;
			buildSettings = {
				ALWAYS_SEARCH_USER_PATHS = NO;
				CLANG_ANALYZER_NONNULL = YES;
				CLANG_CXX_LANGUAGE_STANDARD = "gnu++0x";
				CLANG_CXX_LIBRARY = "libc++";
				CLANG_ENABLE_MODULES = YES;
				CLANG_ENABLE_OBJC_ARC = YES;
				CLANG_WARN_BOOL_CONVERSION = YES;
				CLANG_WARN_CONSTANT_CONVERSION = YES;
				CLANG_WARN_DIRECT_OBJC_ISA_USAGE = YES_ERROR;
				CLANG_WARN_DOCUMENTATION_COMMENTS = YES;
				CLANG_WARN_EMPTY_BODY = YES;
				CLANG_WARN_ENUM_CONVERSION = YES;
				CLANG_WARN_INFINITE_RECURSION = YES;
				CLANG_WARN_INT_CONVERSION = YES;
				CLANG_WARN_OBJC_ROOT_CLASS = YES_ERROR;
				CLANG_WARN_SUSPICIOUS_MOVE = YES;
				CLANG_WARN_UNREACHABLE_CODE = YES;
				CLANG_WARN__DUPLICATE_METHOD_MATCH = YES;
				CODE_SIGN_IDENTITY = "-";
				COPY_PHASE_STRIP = NO;
				DEBUG_INFORMATION_FORMAT = "dwarf-with-dsym";
				ENABLE_NS_ASSERTIONS = NO;
				ENABLE_STRICT_OBJC_MSGSEND = YES;
				GCC_C_LANGUAGE_STANDARD = gnu99;
				GCC_NO_COMMON_BLOCKS = YES;
				GCC_WARN_64_TO_32_BIT_CONVERSION = YES;
				GCC_WARN_ABOUT_RETURN_TYPE = YES_ERROR;
				GCC_WARN_UNDECLARED_SELECTOR = YES;
				GCC_WARN_UNINITIALIZED_AUTOS = YES_AGGRESSIVE;
				GCC_WARN_UNUSED_FUNCTION = YES;
				GCC_WARN_UNUSED_VARIABLE = YES;
				MACOSX_DEPLOYMENT_TARGET = 10.11;
				MTL_ENABLE_DEBUG_INFO = NO;
				SDKROOT = macosx;
			};
			name = Release;
		};
		25BC06201E95A25A00B090DA /* Debug */ = {
			isa = XCBuildConfiguration;
			buildSettings = {
				DEVELOPMENT_TEAM = 9M778GV5LL;
				EXECUTABLE_PREFIX = lib;
				HEADER_SEARCH_PATHS = "$(SRCROOT)/../SDKLib";
				PRODUCT_NAME = "$(TARGET_NAME)";
			};
			name = Debug;
		};
		25BC06211E95A25A00B090DA /* Release */ = {
			isa = XCBuildConfiguration;
			buildSettings = {
				DEVELOPMENT_TEAM = 9M778GV5LL;
				EXECUTABLE_PREFIX = lib;
				HEADER_SEARCH_PATHS = "$(SRCROOT)/../SDKLib";
				PRODUCT_NAME = "$(TARGET_NAME)";
			};
			name = Release;
		};
		25BC062A1E95A2A400B090DA /* Debug */ = {
			isa = XCBuildConfiguration;
			buildSettings = {
				COMBINE_HIDPI_IMAGES = YES;
				DEVELOPMENT_TEAM = 9M778GV5LL;
				HEADER_SEARCH_PATHS = "";
				INFOPLIST_FILE = UILib_OSX_Res/Info.plist;
				INSTALL_PATH = "$(LOCAL_LIBRARY_DIR)/Bundles";
				PRODUCT_BUNDLE_IDENTIFIER = "com.samsung.msca.samsungvr.UILib-OSX-Res";
				PRODUCT_NAME = "$(TARGET_NAME)";
				SKIP_INSTALL = YES;
				WRAPPER_EXTENSION = bundle;
			};
			name = Debug;
		};
		25BC062B1E95A2A400B090DA /* Release */ = {
			isa = XCBuildConfiguration;
			buildSettings = {
				COMBINE_HIDPI_IMAGES = YES;
				DEVELOPMENT_TEAM = 9M778GV5LL;
				HEADER_SEARCH_PATHS = "";
				INFOPLIST_FILE = UILib_OSX_Res/Info.plist;
				INSTALL_PATH = "$(LOCAL_LIBRARY_DIR)/Bundles";
				PRODUCT_BUNDLE_IDENTIFIER = "com.samsung.msca.samsungvr.UILib-OSX-Res";
				PRODUCT_NAME = "$(TARGET_NAME)";
				SKIP_INSTALL = YES;
				WRAPPER_EXTENSION = bundle;
			};
			name = Release;
		};
/* End XCBuildConfiguration section */

/* Begin XCConfigurationList section */
		25BC06111E95A25A00B090DA /* Build configuration list for PBXProject "UILib_OSX" */ = {
			isa = XCConfigurationList;
			buildConfigurations = (
				25BC061D1E95A25A00B090DA /* Debug */,
				25BC061E1E95A25A00B090DA /* Release */,
			);
			defaultConfigurationIsVisible = 0;
			defaultConfigurationName = Release;
		};
		25BC061F1E95A25A00B090DA /* Build configuration list for PBXNativeTarget "Lib" */ = {
			isa = XCConfigurationList;
			buildConfigurations = (
				25BC06201E95A25A00B090DA /* Debug */,
				25BC06211E95A25A00B090DA /* Release */,
			);
			defaultConfigurationIsVisible = 0;
			defaultConfigurationName = Release;
		};
		25BC06291E95A2A400B090DA /* Build configuration list for PBXNativeTarget "Res" */ = {
			isa = XCConfigurationList;
			buildConfigurations = (
				25BC062A1E95A2A400B090DA /* Debug */,
				25BC062B1E95A2A400B090DA /* Release */,
			);
			defaultConfigurationIsVisible = 0;
			defaultConfigurationName = Release;
		};
/* End XCConfigurationList section */
	};
	rootObject = 25BC060E1E95A25A00B090DA /* Project object */;
}
